
Microsoft Visual Studio Solution File, Format Version 12.00
# Visual Studio 15
VisualStudioVersion = 15.0.26730.16
MinimumVisualStudioVersion = 10.0.40219.1
Project("{FAE04EC0-301F-11D3-BF4B-00C04F79EFBC}") = "WebApp_Conflow", "WebApp_Conflow\WebApp_Conflow.csproj", "{FA13802B-EE8B-4066-A8C1-6221BC718951}"
EndProject
Global
	GlobalSection(SolutionConfigurationPlatforms) = preSolution
		Debug|Any CPU = Debug|Any CPU
		Release|Any CPU = Release|Any CPU
	EndGlobalSection
	GlobalSection(ProjectConfigurationPlatforms) = postSolution
		{FA13802B-EE8B-4066-A8C1-6221BC718951}.Debug|Any CPU.ActiveCfg = Debug|Any CPU
		{FA13802B-EE8B-4066-A8C1-6221BC718951}.Debug|Any CPU.Build.0 = Debug|Any CPU
		{FA13802B-EE8B-4066-A8C1-6221BC718951}.Release|Any CPU.ActiveCfg = Release|Any CPU
		{FA13802B-EE8B-4066-A8C1-6221BC718951}.Release|Any CPU.Build.0 = Release|Any CPU
	EndGlobalSection
	GlobalSection(SolutionProperties) = preSolution
		HideSolutionNode = FALSE
	EndGlobalSection
	GlobalSection(ExtensibilityGlobals) = postSolution
		SolutionGuid = {6188916D-7176-4E85-BCD1-0433CD3F7C43}
	EndGlobalSection
EndGlobal
